// !$*UTF8*$!
{
	archiveVersion = 1;
	classes = {};
	objectVersion = 77;
	objects = {

/* Begin PBXBuildFile section */
		100000000000000000000001 /* MEUStandaloneRunner.swift in Sources */ = {isa = PBXBuildFile; fileRef = 100000000000000000000002 /* MEUStandaloneRunner.swift */; };
/* End PBXBuildFile section */

/* Begin PBXFileReference section */
		100000000000000000000002 /* MEUStandaloneRunner.swift */ = {isa = PBXFileReference; lastKnownFileType = sourcecode.swift; path = MEUStandaloneRunner.swift; sourceTree = "<group>"; };
		100000000000000000000003 /* MEUStandaloneRunner.xctest */ = {isa = PBXFileReference; explicitFileType = wrapper.cfbundle; includeInIndex = 0; path = MEUStandaloneRunner.xctest; sourceTree = BUILT_PRODUCTS_DIR; };
/* End PBXFileReference section */

/* Begin PBXFrameworksBuildPhase section */
		100000000000000000000004 /* Frameworks */ = {
			isa = PBXFrameworksBuildPhase;
			buildActionMask = 2147483647;
			files = ();
			runOnlyForDeploymentPostprocessing = 0;
		};
/* End PBXFrameworksBuildPhase section */

/* Begin PBXGroup section */
		100000000000000000000005 = {
			isa = PBXGroup;
			children = (
				100000000000000000000006 /* MEUStandaloneRunner */,
				100000000000000000000007 /* Products */,
			);
			sourceTree = "<group>";
		};
		100000000000000000000006 /* MEUStandaloneRunner */ = {
			isa = PBXGroup;
			children = (100000000000000000000002 /* MEUStandaloneRunner.swift */);
			path = MEUStandaloneRunner;
			sourceTree = "<group>";
		};
		100000000000000000000007 /* Products */ = {
			isa = PBXGroup;
			children = (100000000000000000000003 /* MEUStandaloneRunner.xctest */);
			name = Products;
			sourceTree = "<group>";
		};
/* End PBXGroup section */

/* Begin PBXNativeTarget section */
		100000000000000000000008 /* MEUStandaloneRunner */ = {
			isa = PBXNativeTarget;
			buildConfigurationList = 100000000000000000000009 /* Build configuration list for PBXNativeTarget */;
			buildPhases = (
				10000000000000000000000A /* Sources */,
				100000000000000000000004 /* Frameworks */,
				10000000000000000000000B /* Resources */,
				100000000000000000000012 /* Embed Frida Runtime */,
			);
			buildRules = ();
			dependencies = ();
			name = MEUStandaloneRunner;
			productName = MEUStandaloneRunner;
			productReference = 100000000000000000000003 /* MEUStandaloneRunner.xctest */;
			productType = "com.apple.product-type.bundle.ui-testing";
		};
/* End PBXNativeTarget section */

/* Begin PBXProject section */
		10000000000000000000000C /* Project object */ = {
			isa = PBXProject;
			attributes = {
				BuildIndependentTargetsInParallel = 1;
				LastSwiftUpdateCheck = 2600;
				LastUpgradeCheck = 2600;
				TargetAttributes = { 100000000000000000000008 = {CreatedOnToolsVersion = 26.0; }; };
			};
			buildConfigurationList = 10000000000000000000000D /* Build configuration list for PBXProject */;
			developmentRegion = en;
			hasScannedForEncodings = 0;
			knownRegions = (en, Base);
			mainGroup = 100000000000000000000005;
			minimizedProjectReferenceProxies = 1;
			preferredProjectObjectVersion = 77;
			productRefGroup = 100000000000000000000007 /* Products */;
			projectDirPath = "";
			projectRoot = "";
			targets = (100000000000000000000008 /* MEUStandaloneRunner */);
		};
/* End PBXProject section */

/* Begin PBXResourcesBuildPhase section */
		10000000000000000000000B /* Resources */ = {isa = PBXResourcesBuildPhase; buildActionMask = 2147483647; files = (); runOnlyForDeploymentPostprocessing = 0; };
/* End PBXResourcesBuildPhase section */

/* Begin PBXShellScriptBuildPhase section */
		100000000000000000000012 /* Embed Frida Runtime */ = {
			isa = PBXShellScriptBuildPhase;
			alwaysOutOfDate = 1;
			buildActionMask = 2147483647;
			files = ();
			inputPaths = (
				"$(SRCROOT)/Binaries/$(PLATFORM_NAME)/MobileEasyUseRuntime.dylib",
				"$(SRCROOT)/MobileEasyUseRuntime.config",
				"$(SRCROOT)/scripts/embed-runtime.sh",
			);
			name = "Embed Frida Runtime";
			outputPaths = (
				"$(TARGET_BUILD_DIR)/$(WRAPPER_NAME)/Frameworks/MobileEasyUseRuntime.dylib",
				"$(TARGET_BUILD_DIR)/$(WRAPPER_NAME)/Frameworks/MobileEasyUseRuntime.config",
			);
			runOnlyForDeploymentPostprocessing = 0;
			shellPath = /bin/bash;
			shellScript = "\"${SRCROOT}/scripts/embed-runtime.sh\"\n";
		};
/* End PBXShellScriptBuildPhase section */

/* Begin PBXSourcesBuildPhase section */
		10000000000000000000000A /* Sources */ = {
			isa = PBXSourcesBuildPhase;
			buildActionMask = 2147483647;
			files = (100000000000000000000001 /* MEUStandaloneRunner.swift in Sources */);
			runOnlyForDeploymentPostprocessing = 0;
		};
/* End PBXSourcesBuildPhase section */

/* Begin XCBuildConfiguration section */
		10000000000000000000000E /* Debug */ = {isa = XCBuildConfiguration; buildSettings = {CLANG_ENABLE_MODULES = YES; IPHONEOS_DEPLOYMENT_TARGET = 15.0; SDKROOT = iphoneos; SWIFT_VERSION = 5.0; }; name = Debug; };
		10000000000000000000000F /* Release */ = {isa = XCBuildConfiguration; buildSettings = {CLANG_ENABLE_MODULES = YES; IPHONEOS_DEPLOYMENT_TARGET = 15.0; SDKROOT = iphoneos; SWIFT_VERSION = 5.0; }; name = Release; };
		100000000000000000000010 /* Debug */ = {
			isa = XCBuildConfiguration;
			buildSettings = {
				CODE_SIGN_STYLE = Automatic;
				DEVELOPMENT_TEAM = "";
				GENERATE_INFOPLIST_FILE = YES;
				LD_RUNPATH_SEARCH_PATHS = "$(inherited) @executable_path/Frameworks @loader_path/Frameworks";
				PRODUCT_BUNDLE_IDENTIFIER = com.mobileeasyuse.MEUStandaloneRunner;
				PRODUCT_NAME = "$(TARGET_NAME)";
				SUPPORTED_PLATFORMS = "iphoneos iphonesimulator";
				SWIFT_EMIT_LOC_STRINGS = NO;
				TARGETED_DEVICE_FAMILY = "1,2";
				TEST_TARGET_NAME = "";
			};
			name = Debug;
		};
		100000000000000000000011 /* Release */ = {
			isa = XCBuildConfiguration;
			buildSettings = {
				CODE_SIGN_STYLE = Automatic;
				DEVELOPMENT_TEAM = "";
				GENERATE_INFOPLIST_FILE = YES;
				LD_RUNPATH_SEARCH_PATHS = "$(inherited) @executable_path/Frameworks @loader_path/Frameworks";
				PRODUCT_BUNDLE_IDENTIFIER = com.mobileeasyuse.MEUStandaloneRunner;
				PRODUCT_NAME = "$(TARGET_NAME)";
				SUPPORTED_PLATFORMS = "iphoneos iphonesimulator";
				SWIFT_EMIT_LOC_STRINGS = NO;
				TARGETED_DEVICE_FAMILY = "1,2";
				TEST_TARGET_NAME = "";
			};
			name = Release;
		};
/* End XCBuildConfiguration section */

/* Begin XCConfigurationList section */
		100000000000000000000009 /* Build configuration list for PBXNativeTarget */ = {isa = XCConfigurationList; buildConfigurations = (100000000000000000000010, 100000000000000000000011); defaultConfigurationIsVisible = 0; defaultConfigurationName = Release; };
		10000000000000000000000D /* Build configuration list for PBXProject */ = {isa = XCConfigurationList; buildConfigurations = (10000000000000000000000E, 10000000000000000000000F); defaultConfigurationIsVisible = 0; defaultConfigurationName = Release; };
/* End XCConfigurationList section */
	};
	rootObject = 10000000000000000000000C /* Project object */;
}
